
Microsoft Visual Studio Solution File, Format Version 12.00
# Visual Studio Version 17
VisualStudioVersion = 17.0.32014.148
MinimumVisualStudioVersion = 10.0.40219.1
Project("{FAE04EC0-301F-11D3-BF4B-00C04F79EFBC}") = "marketplace", "marketplace\marketplace.csproj", "{B54BAF0B-5444-4339-A336-4F1316254AA1}"
EndProject
Global
	GlobalSection(SolutionConfigurationPlatforms) = preSolution
		Debug|Any CPU = Debug|Any CPU
		Release|Any CPU = Release|Any CPU
	EndGlobalSection
	GlobalSection(ProjectConfigurationPlatforms) = postSolution
		{B54BAF0B-5444-4339-A336-4F1316254AA1}.Debug|Any CPU.ActiveCfg = Debug|Any CPU
		{B54BAF0B-5444-4339-A336-4F1316254AA1}.Debug|Any CPU.Build.0 = Debug|Any CPU
		{B54BAF0B-5444-4339-A336-4F1316254AA1}.Release|Any CPU.ActiveCfg = Release|Any CPU
		{B54BAF0B-5444-4339-A336-4F1316254AA1}.Release|Any CPU.Build.0 = Release|Any CPU
	EndGlobalSection
	GlobalSection(SolutionProperties) = preSolution
		HideSolutionNode = FALSE
	EndGlobalSection
	GlobalSection(ExtensibilityGlobals) = postSolution
		SolutionGuid = {F26A1B51-1DE4-4E72-A23C-5CF2AF4D2571}
	EndGlobalSection
EndGlobal
